{
    "_readme": [
        "This file locks the dependencies of your project to a known state",
        "Read more about it at https://getcomposer.org/doc/01-basic-usage.md#composer-lock-the-lock-file",
        "This file is @generated automatically"
    ],
    "hash": "6b298995ab17fcafb7b26e5fbd3ce0e4",
    "packages": [
        {
            "name": "dubr/floxim-module-typograf",
            "version": "dev-master",
            "source": {
                "type": "git",
                "url": "https://github.com/dubrowsky/floxim-module-typograf.git",
                "reference": "df63744ae9c682475fe46b789f2a586e9790b7eb"
            },
            "dist": {
                "type": "zip",
                "url": "https://api.github.com/repos/dubrowsky/floxim-module-typograf/zipball/df63744ae9c682475fe46b789f2a586e9790b7eb",
                "reference": "df63744ae9c682475fe46b789f2a586e9790b7eb",
                "shasum": ""
            },
            "type": "floxim-module",
            "description": "Floxim typograf module.",
            "support": {
                "source": "https://github.com/dubrowsky/floxim-module-typograf/tree/master",
                "issues": "https://github.com/dubrowsky/floxim-module-typograf/issues"
            },
            "time": "2016-03-01 07:10:07"
        },
        {
            "name": "floxim/cache",
            "version": "dev-master",
            "source": {
                "type": "git",
                "url": "https://github.com/Floxim/floxim-cache.git",
                "reference": "b024f4d582d6705fe4747d95ee8256b021b62301"
            },
            "dist": {
                "type": "zip",
                "url": "https://api.github.com/repos/Floxim/floxim-cache/zipball/b024f4d582d6705fe4747d95ee8256b021b62301",
                "reference": "b024f4d582d6705fe4747d95ee8256b021b62301",
                "shasum": ""
            },
            "type": "library",
            "autoload": {
                "psr-4": {
                    "Floxim\\Cache\\": ""
                }
            },
            "notification-url": "https://packagist.org/downloads/",
            "description": "Floxim Cache Manager",
            "time": "2015-03-10 16:07:50"
        },
        {
            "name": "floxim/composer",
            "version": "dev-master",
            "source": {
                "type": "git",
                "url": "https://github.com/Floxim/composer.git",
                "reference": "5dd66e7d63b46c60b8b8035e35e7b15b9ac902a1"
            },
            "dist": {
                "type": "zip",
                "url": "https://api.github.com/repos/Floxim/composer/zipball/5dd66e7d63b46c60b8b8035e35e7b15b9ac902a1",
                "reference": "5dd66e7d63b46c60b8b8035e35e7b15b9ac902a1",
                "shasum": ""
            },
            "require": {
                "composer-plugin-api": "1.0.0"
            },
            "require-dev": {
                "composer/composer": "1.0.*@dev"
            },
            "type": "composer-plugin",
            "extra": {
                "class": "Floxim\\Composer\\InstallerPlugin"
            },
            "autoload": {
                "psr-4": {
                    "Floxim\\Composer\\": ""
                }
            },
            "notification-url": "https://packagist.org/downloads/",
            "license": [
                "MIT"
            ],
            "description": "Install Floxim modules and themes with Composer.",
            "homepage": "https://github.com/Floxim/floxim-composer",
            "time": "2015-07-28 23:56:41"
        },
        {
            "name": "floxim/floxim",
            "version": "dev-dev",
            "source": {
                "type": "git",
                "url": "https://github.com/Floxim/floxim.git",
                "reference": "9d4f2e3c8d750536d39de7491d2baf78074c2af0"
            },
            "dist": {
                "type": "zip",
                "url": "https://api.github.com/repos/Floxim/floxim/zipball/9d4f2e3c8d750536d39de7491d2baf78074c2af0",
                "reference": "9d4f2e3c8d750536d39de7491d2baf78074c2af0",
                "shasum": ""
            },
            "require": {
                "floxim/cache": "*",
                "floxim/composer": "*",
                "floxim/module-form": "*",
                "floxim/module-main": "*",
                "floxim/module-nav": "*",
                "floxim/module-user": "*",
                "linkorb/jsmin-php": "dev-master",
                "oyejorge/less.php": "~1.5",
                "phpmailer/phpmailer": "5.2.8"
            },
            "type": "library",
            "autoload": {
                "psr-4": {
                    "Floxim\\Floxim\\": ""
                }
            },
            "notification-url": "https://packagist.org/downloads/",
            "description": "Floxim CMS core",
            "time": "2016-03-09 14:18:36"
        },
        {
            "name": "floxim/module-blog",
            "version": "dev-master",
            "source": {
                "type": "git",
                "url": "https://github.com/Floxim/module-blog.git",
                "reference": "c5e44e4dba4e26bbcaad4ddfc505c3cf8040d7ef"
            },
            "dist": {
                "type": "zip",
                "url": "https://api.github.com/repos/Floxim/module-blog/zipball/c5e44e4dba4e26bbcaad4ddfc505c3cf8040d7ef",
                "reference": "c5e44e4dba4e26bbcaad4ddfc505c3cf8040d7ef",
                "shasum": ""
            },
            "type": "floxim-module",
            "notification-url": "https://packagist.org/downloads/",
            "description": "Floxim blog/news module.",
            "time": "2016-03-01 07:10:49"
        },
        {
            "name": "floxim/module-corporate",
            "version": "dev-master",
            "source": {
                "type": "git",
                "url": "https://github.com/Floxim/module-corporate.git",
                "reference": "0d5b02bd74b8a84c1c60bc78018a0f105815a3eb"
            },
            "dist": {
                "type": "zip",
                "url": "https://api.github.com/repos/Floxim/module-corporate/zipball/0d5b02bd74b8a84c1c60bc78018a0f105815a3eb",
                "reference": "0d5b02bd74b8a84c1c60bc78018a0f105815a3eb",
                "shasum": ""
            },
            "type": "floxim-module",
            "notification-url": "https://packagist.org/downloads/",
            "description": "Floxim corporate module.",
            "time": "2015-09-10 12:50:18"
        },
        {
            "name": "floxim/module-form",
            "version": "dev-master",
            "source": {
                "type": "git",
                "url": "https://github.com/Floxim/module-form.git",
                "reference": "29d8ae477755b62dd59d671b4beb301bde6eac89"
            },
            "dist": {
                "type": "zip",
                "url": "https://api.github.com/repos/Floxim/module-form/zipball/29d8ae477755b62dd59d671b4beb301bde6eac89",
                "reference": "29d8ae477755b62dd59d671b4beb301bde6eac89",
                "shasum": ""
            },
            "type": "floxim-module",
            "notification-url": "https://packagist.org/downloads/",
            "description": "Floxim form module.",
            "time": "2015-11-09 01:07:22"
        },
        {
            "name": "floxim/module-layout",
            "version": "dev-master",
            "source": {
                "type": "git",
                "url": "https://github.com/Floxim/module-layout.git",
                "reference": "29c8abbfbfd6b3ed5753314fa9e137d03dffccf5"
            },
            "dist": {
                "type": "zip",
                "url": "https://api.github.com/repos/Floxim/module-layout/zipball/29c8abbfbfd6b3ed5753314fa9e137d03dffccf5",
                "reference": "29c8abbfbfd6b3ed5753314fa9e137d03dffccf5",
                "shasum": ""
            },
            "type": "floxim-module",
            "notification-url": "https://packagist.org/downloads/",
            "description": "Floxim layout module.",
            "time": "2016-03-09 14:21:03"
        },
        {
            "name": "floxim/module-main",
            "version": "dev-master",
            "source": {
                "type": "git",
                "url": "https://github.com/Floxim/module-main.git",
                "reference": "63272fd00471478996ba81661b01eaa6b19fbd54"
            },
            "dist": {
                "type": "zip",
                "url": "https://api.github.com/repos/Floxim/module-main/zipball/63272fd00471478996ba81661b01eaa6b19fbd54",
                "reference": "63272fd00471478996ba81661b01eaa6b19fbd54",
                "shasum": ""
            },
            "type": "floxim-module",
            "notification-url": "https://packagist.org/downloads/",
            "description": "Floxim main module.",
            "time": "2016-03-01 07:12:46"
        },
        {
            "name": "floxim/module-media",
            "version": "dev-master",
            "source": {
                "type": "git",
                "url": "https://github.com/Floxim/module-media.git",
                "reference": "0169362042c79562bd63e4caeb32a54b748d4dfd"
            },
            "dist": {
                "type": "zip",
                "url": "https://api.github.com/repos/Floxim/module-media/zipball/0169362042c79562bd63e4caeb32a54b748d4dfd",
                "reference": "0169362042c79562bd63e4caeb32a54b748d4dfd",
                "shasum": ""
            },
            "type": "floxim-module",
            "notification-url": "https://packagist.org/downloads/",
            "description": "Floxim media module.",
            "time": "2016-02-25 15:20:29"
        },
        {
            "name": "floxim/module-nav",
            "version": "dev-master",
            "source": {
                "type": "git",
                "url": "https://github.com/Floxim/module-nav.git",
                "reference": "8fea82827bdfc374c4a35ad0a6732bb293d56163"
            },
            "dist": {
                "type": "zip",
                "url": "https://api.github.com/repos/Floxim/module-nav/zipball/8fea82827bdfc374c4a35ad0a6732bb293d56163",
                "reference": "8fea82827bdfc374c4a35ad0a6732bb293d56163",
                "shasum": ""
            },
            "type": "floxim-module",
            "notification-url": "https://packagist.org/downloads/",
            "description": "Floxim nav module.",
            "time": "2016-03-09 14:19:44"
        },
        {
            "name": "floxim/module-shop",
            "version": "dev-master",
            "source": {
                "type": "git",
                "url": "https://github.com/Floxim/module-shop.git",
                "reference": "62b220d38da31066b72b73746bbac0f3cd71b39b"
            },
            "dist": {
                "type": "zip",
                "url": "https://api.github.com/repos/Floxim/module-shop/zipball/62b220d38da31066b72b73746bbac0f3cd71b39b",
                "reference": "62b220d38da31066b72b73746bbac0f3cd71b39b",
                "shasum": ""
            },
            "type": "floxim-module",
            "notification-url": "https://packagist.org/downloads/",
            "description": "Floxim shop module.",
            "time": "2015-09-02 16:40:50"
        },
        {
            "name": "floxim/module-ui",
            "version": "dev-master",
            "source": {
                "type": "git",
                "url": "https://github.com/Floxim/module-ui.git",
                "reference": "f05276b847d8df48deb24f3f3e2219a9dc325a42"
            },
            "dist": {
                "type": "zip",
                "url": "https://api.github.com/repos/Floxim/module-ui/zipball/f05276b847d8df48deb24f3f3e2219a9dc325a42",
                "reference": "f05276b847d8df48deb24f3f3e2219a9dc325a42",
                "shasum": ""
            },
            "type": "floxim-module",
            "notification-url": "https://packagist.org/downloads/",
            "description": "Floxim UI module.",
            "time": "2016-03-09 14:20:34"
        },
        {
            "name": "floxim/module-user",
            "version": "dev-master",
            "source": {
                "type": "git",
                "url": "https://github.com/Floxim/module-user.git",
                "reference": "120a628cbdec3ad5dee3aaa2ec6ce4a3e24ea809"
            },
            "dist": {
                "type": "zip",
                "url": "https://api.github.com/repos/Floxim/module-user/zipball/120a628cbdec3ad5dee3aaa2ec6ce4a3e24ea809",
                "reference": "120a628cbdec3ad5dee3aaa2ec6ce4a3e24ea809",
                "shasum": ""
            },
            "type": "floxim-module",
            "notification-url": "https://packagist.org/downloads/",
            "description": "Floxim user module.",
            "time": "2016-02-11 16:44:24"
        },
        {
            "name": "floxim/modules-saas",
            "version": "dev-master",
            "source": {
                "type": "git",
                "url": "git@github.com:dubrowsky/saas-modules.git",
                "reference": "258233c28bb628a78a16cefc83bf85b814035f78"
            },
            "dist": {
                "type": "zip",
                "url": "https://api.github.com/repos/dubrowsky/saas-modules/zipball/258233c28bb628a78a16cefc83bf85b814035f78",
                "reference": "258233c28bb628a78a16cefc83bf85b814035f78",
                "shasum": ""
            },
            "type": "floxim-modules",
            "description": "SaaS modules for floxim.ru",
            "support": {
                "source": "https://github.com/dubrowsky/saas-modules/tree/master",
                "issues": "https://github.com/dubrowsky/saas-modules/issues"
            },
            "time": "2016-03-01 07:15:43"
        },
        {
            "name": "floxim/themes-saas",
            "version": "dev-master",
            "source": {
                "type": "git",
                "url": "git@github.com:dubrowsky/saas-themes.git",
                "reference": "b94c0d6874a77325737656088569d919f8eaee0e"
            },
            "dist": {
                "type": "zip",
                "url": "https://api.github.com/repos/dubrowsky/saas-themes/zipball/b94c0d6874a77325737656088569d919f8eaee0e",
                "reference": "b94c0d6874a77325737656088569d919f8eaee0e",
                "shasum": ""
            },
            "type": "floxim-themes",
            "description": "SaaS theme set for floxim.ru",
            "support": {
                "source": "https://github.com/dubrowsky/saas-themes/tree/master",
                "issues": "https://github.com/dubrowsky/saas-themes/issues"
            },
            "time": "2016-03-09 14:28:57"
        },
        {
            "name": "linkorb/jsmin-php",
            "version": "dev-master",
            "source": {
                "type": "git",
                "url": "https://github.com/linkorb/jsmin-php.git",
                "reference": "c598ed59809eb91f2decb00d8ed37b307e1a52b0"
            },
            "dist": {
                "type": "zip",
                "url": "https://api.github.com/repos/linkorb/jsmin-php/zipball/c598ed59809eb91f2decb00d8ed37b307e1a52b0",
                "reference": "c598ed59809eb91f2decb00d8ed37b307e1a52b0",
                "shasum": ""
            },
            "require": {
                "php": ">=5.0.0"
            },
            "type": "library",
            "autoload": {
                "classmap": [
                    "src/"
                ]
            },
            "notification-url": "https://packagist.org/downloads/",
            "license": [
                "MIT"
            ],
            "authors": [
                {
                    "name": "Joost Faassen",
                    "email": "j.faassen@linkorb.com",
                    "role": "Packaging for composer"
                },
                {
                    "name": "Douglas Crockford",
                    "email": "douglas@crockford.com"
                },
                {
                    "name": "Ryan Grove",
                    "email": "ryan@wonko.com",
                    "role": "PHP port"
                },
                {
                    "name": "Adam Gofort",
                    "email": "aag@adamgoforth.com",
                    "role": "Updates to the PHP port"
                }
            ],
            "description": "Unofficial package of jsmin-php",
            "homepage": "http://www.github.com/linkorb/jsmin-php",
            "keywords": [
                "javascript",
                "jsmin",
                "minify"
            ],
            "time": "2014-03-04 21:29:41"
        },
        {
            "name": "oyejorge/less.php",
            "version": "1.7.x-dev",
            "source": {
                "type": "git",
                "url": "https://github.com/oyejorge/less.php.git",
                "reference": "8f77f13bbc4d5997c76322523e1fb28376acf080"
            },
            "dist": {
                "type": "zip",
                "url": "https://api.github.com/repos/oyejorge/less.php/zipball/8f77f13bbc4d5997c76322523e1fb28376acf080",
                "reference": "8f77f13bbc4d5997c76322523e1fb28376acf080",
                "shasum": ""
            },
            "require": {
                "php": ">=5.2"
            },
            "bin": [
                "bin/lessc"
            ],
            "type": "library",
            "autoload": {
                "psr-0": {
                    "Less": "lib/"
                },
                "classmap": [
                    "lessc.inc.php"
                ]
            },
            "notification-url": "https://packagist.org/downloads/",
            "license": [
                "Apache-2.0"
            ],
            "authors": [
                {
                    "name": "Matt Agar",
                    "homepage": "https://github.com/agar"
                },
                {
                    "name": "Martin Jantošovič",
                    "homepage": "https://github.com/Mordred"
                },
                {
                    "name": "Josh Schmidt",
                    "homepage": "https://github.com/oyejorge"
                }
            ],
            "description": "PHP port of the Javascript version of LESS http://lesscss.org",
            "homepage": "http://lessphp.gpeasy.com",
            "keywords": [
                "css",
                "less",
                "less.js",
                "lesscss",
                "php",
                "stylesheet"
            ],
            "time": "2014-03-04 18:49:54"
        },
        {
            "name": "phpmailer/phpmailer",
            "version": "v5.2.8",
            "source": {
                "type": "git",
                "url": "https://github.com/PHPMailer/PHPMailer.git",
                "reference": "d3802c597bff8f6c2ccfa3eab2a511aa01b8d68f"
            },
            "dist": {
                "type": "zip",
                "url": "https://api.github.com/repos/PHPMailer/PHPMailer/zipball/d3802c597bff8f6c2ccfa3eab2a511aa01b8d68f",
                "reference": "d3802c597bff8f6c2ccfa3eab2a511aa01b8d68f",
                "shasum": ""
            },
            "require": {
                "php": ">=5.0.0"
            },
            "require-dev": {
                "phpdocumentor/phpdocumentor": "*",
                "phpunit/phpunit": "4.0.*"
            },
            "type": "library",
            "autoload": {
                "classmap": [
                    "class.phpmailer.php",
                    "class.pop3.php",
                    "class.smtp.php"
                ]
            },
            "notification-url": "https://packagist.org/downloads/",
            "license": [
                "LGPL-2.1"
            ],
            "authors": [
                {
                    "name": "Jim Jagielski",
                    "email": "jimjag@gmail.com"
                },
                {
                    "name": "Marcus Bointon",
                    "email": "phpmailer@synchromedia.co.uk"
                },
                {
                    "name": "Andy Prevost",
                    "email": "codeworxtech@users.sourceforge.net"
                },
                {
                    "name": "Brent R. Matzelle"
                }
            ],
            "description": "PHPMailer is a full-featured email creation and transfer class for PHP",
            "time": "2014-05-14 07:04:18"
        }
    ],
    "packages-dev": [],
    "aliases": [],
    "minimum-stability": "dev",
    "stability-flags": {
        "floxim/floxim": 20
    },
    "prefer-stable": false,
    "prefer-lowest": false,
    "platform": [],
    "platform-dev": []
}
